
Microsoft Visual Studio Solution File, Format Version 12.00
# Visual Studio 2012
Project("{FAE04EC0-301F-11D3-BF4B-00C04F79EFBC}") = "Xamarin.Bindings.SystemBarTint", "Xamarin.Bindings.SystemBarTint.csproj", "{24AD3530-2418-4368-9189-1B0AEB5F6772}"
EndProject
Global
	GlobalSection(SolutionConfigurationPlatforms) = preSolution
		Debug|Any CPU = Debug|Any CPU
		Release|Any CPU = Release|Any CPU
	EndGlobalSection
	GlobalSection(ProjectConfigurationPlatforms) = postSolution
		{24AD3530-2418-4368-9189-1B0AEB5F6772}.Debug|Any CPU.ActiveCfg = Debug|Any CPU
		{24AD3530-2418-4368-9189-1B0AEB5F6772}.Debug|Any CPU.Build.0 = Debug|Any CPU
		{24AD3530-2418-4368-9189-1B0AEB5F6772}.Release|Any CPU.ActiveCfg = Release|Any CPU
		{24AD3530-2418-4368-9189-1B0AEB5F6772}.Release|Any CPU.Build.0 = Release|Any CPU
	EndGlobalSection
EndGlobal
